#MicroXplorer Configuration settings - do not modify
VP_TIM5_VS_ClockSourceINT.Mode=Internal
PB13.GPIOParameters=GPIO_Label
PD12.GPIO_Label=LCD_DB0
PC7.GPIOParameters=GPIO_Label
USART2.IPParameters=VirtualMode
FATFS._USE_LFN=1
PE11.GPIOParameters=GPIO_Label
VP_TIM5_VS_ClockSourceINT.Signal=TIM5_VS_ClockSourceINT
RCC.PLLCLKFreq_Value=48000000
PB14.GPIO_Label=STEP_X
PC7.Locked=true
USB_HOST0.BSP.condition=
PC6.GPIO_Label=LCD_DB4
PD4.Locked=true
PB13.Signal=GPIO_Output
PinOutPanel.RotationAngle=0
RCC.SYSCLKSource=RCC_SYSCLKSOURCE_PLLCLK
NVIC.SVCall_IRQn=true\:0\:0\:false\:false\:true\:false\:false
PD15.GPIOParameters=GPIO_Label
PD7.GPIO_PuPd=GPIO_PULLDOWN
NVIC.TIM5_IRQn=true\:0\:0\:false\:false\:true\:true\:true
TIM2.IPParameters=Prescaler,Period
RCC.APB2TimFreq_Value=48000000
PD4.Signal=GPIO_Output
PC7.Signal=GPIO_Output
USB_HOST0.BSP.component=
VP_TIM2_VS_ClockSourceINT.Signal=TIM2_VS_ClockSourceINT
PE10.Locked=true
PB13.Locked=true
PE14.Locked=true
ProjectManager.ProjectBuild=false
NVIC.UsageFault_IRQn=true\:0\:0\:false\:false\:true\:false\:false
PA8.Locked=true
PB12.GPIO_Label=DIR_Y
ProjectManager.FirmwarePackage=STM32Cube FW_F1 V1.8.3
MxDb.Version=DB.6.0.0
PB0.GPIOParameters=GPIO_Label
PE15.Locked=true
ProjectManager.BackupPrevious=false
PC4.GPIO_Label=STEP_E2
PE9.Signal=GPIO_Output
PE9.Locked=true
PB1.GPIO_Label=Ext1_Heater
NVIC.TIM2_IRQn=true\:0\:0\:false\:false\:true\:true\:true
SH.ADCx_IN8.0=ADC1_IN8,IN8
PA8.Signal=GPIO_Input
NVIC.PendSV_IRQn=true\:0\:0\:false\:false\:true\:false\:false
TIM4.Period=100
PE10.Signal=GPIO_Output
ProjectManager.HalAssertFull=false
ADC1.SamplingTime-0\#ChannelRegularConversion=ADC_SAMPLETIME_1CYCLE_5
PC8.GPIOParameters=GPIO_Label
Mcu.Package=LQFP100
TIM2.Prescaler=1
PB1.Signal=GPIO_Output
RCC.I2S2Freq_Value=48000000
PD11.Locked=true
PE10.GPIOParameters=GPIO_Label
PD12.Signal=GPIO_Output
VP_SYS_VS_Systick.Signal=SYS_VS_Systick
PA10.Signal=GPIO_Output
PE12.GPIO_Label=DIR_Z2
PB14.GPIOParameters=GPIO_Label
RCC.APB1TimFreq_Value=48000000
NVIC.BusFault_IRQn=true\:0\:0\:false\:false\:true\:false\:false
USB_OTG_FS.IPParameters=VirtualMode
PB10.GPIOParameters=GPIO_Label
PE10.GPIO_Label=EN_Z2
PD5.Locked=true
PD15.Signal=GPIO_Output
ProjectManager.CustomerFirmwarePackage=
PC4.GPIOParameters=GPIO_Label
PD6.GPIOParameters=GPIO_PuPd
ProjectManager.ProjectFileName=TDD_Gcode.ioc
ADC1.Rank-0\#ChannelRegularConversion=1
TIM5.IPParameters=Prescaler,Period
PD9.GPIO_Label=LCD_RS
Mcu.PinsNb=54
ADC1.IPParameters=Rank-0\#ChannelRegularConversion,Channel-0\#ChannelRegularConversion,SamplingTime-0\#ChannelRegularConversion,NbrOfConversionFlag,master
VP_USB_HOST_VS_USB_HOST_MSC_FS.Mode=MSC_FS
PC6.Signal=GPIO_Output
PB11.GPIO_Label=STEP_Y
PD13.GPIOParameters=GPIO_Label
PD7.Signal=GPIO_Input
RCC.USBPrescaler=RCC_USBCLKSOURCE_PLL_DIV2
PB14.Locked=true
RCC.APB1CLKDivider=RCC_HCLK_DIV2
PD6.Mode=Asynchronous
RCC.I2S3Freq_Value=48000000
USB_HOST0.BSP.semaphore=
USB_HOST0.BSP.STBoard=false
PD10.Signal=GPIO_Output
PA8.GPIO_Label=USB_Fault
TIM4.IPParameters=Prescaler,Period
Mcu.Pin51=VP_TIM4_VS_ClockSourceINT
Mcu.Pin52=VP_TIM5_VS_ClockSourceINT
Mcu.Pin50=VP_TIM3_VS_ClockSourceINT
Mcu.Pin53=VP_USB_HOST_VS_USB_HOST_MSC_FS
PE8.GPIO_Label=STEP_E1
PC6.Locked=true
PA9.Signal=USB_OTG_FS_VBUS
PB11.GPIOParameters=GPIO_Label
PB5.Locked=true
PB4.GPIO_PuPd=GPIO_PULLDOWN
OSC_IN.Signal=RCC_OSC_IN
PD7.Locked=true
PE9.GPIO_Label=DIR_E1
Mcu.Pin48=VP_SYS_VS_Systick
Mcu.Pin49=VP_TIM2_VS_ClockSourceINT
Mcu.Pin46=PB5
Mcu.Pin47=VP_FATFS_VS_USB
PB10.Signal=GPIO_Output
PB14.Signal=GPIO_Output
Mcu.Pin40=PD4
Mcu.Pin41=PD5
PE13.GPIOParameters=GPIO_Label
Mcu.Pin44=PB3
Mcu.Pin45=PB4
Mcu.Pin42=PD6
Mcu.Pin43=PD7
ProjectManager.LastFirmware=false
USB_HOST.VirtualModeFS=Msc
NVIC.TIM3_IRQn=true\:0\:0\:false\:false\:true\:true\:true
PE14.Signal=GPIO_Output
PE15.Signal=GPIO_Output
Mcu.Pin37=PA12
PB4.GPIO_Label=Button_Ok
Mcu.Pin38=PA13
Mcu.Pin35=PA10
PB15.GPIO_Label=EN_X
PE8.Signal=GPIO_Output
Mcu.Pin36=PA11
Mcu.Pin39=PA14
Mcu.Pin30=PC7
Mcu.Pin33=PA8
TIM3.IPParameters=Prescaler,Period
Mcu.Pin34=PA9
Mcu.Pin31=PC8
Mcu.Pin32=PC9
NVIC.NonMaskableInt_IRQn=true\:0\:0\:false\:false\:true\:false\:false
TIM2.Period=150
PE7.Locked=true
PA13.Mode=Serial_Wire
ProjectManager.FreePins=false
PC9.GPIOParameters=GPIO_Label
Mcu.Pin26=PD13
Mcu.Pin27=PD14
Mcu.Pin24=PD11
ProjectManager.UnderRoot=false
PE13.Locked=true
Mcu.Pin25=PD12
PC7.GPIO_Label=LCD_DB5
Mcu.Pin28=PD15
Mcu.Pin29=PC6
PB4.Locked=true
PD14.GPIOParameters=GPIO_Label
Mcu.Pin22=PD9
PB5.Signal=GPIO_Input
Mcu.Pin23=PD10
RCC.TimSysFreq_Value=48000000
Mcu.Pin20=PB14
ADC1.master=1
PE13.GPIO_Label=EN_Z1
Mcu.Pin21=PB15
PD10.Locked=true
PA10.Locked=true
NVIC.ForceEnableDMAVector=true
OSC_IN.Mode=HSE-External-Oscillator
PD11.Signal=GPIO_Output
PB5.GPIO_PuPd=GPIO_PULLDOWN
NVIC.MemoryManagement_IRQn=true\:0\:0\:false\:false\:true\:false\:false
ProjectManager.CompilerOptimize=6
PD15.Locked=true
PA11.Signal=USB_OTG_FS_DM
ProjectManager.HeapSize=0x200
Mcu.Pin15=PE15
NVIC.HardFault_IRQn=true\:0\:0\:false\:false\:true\:false\:false
Mcu.Pin16=PB10
Mcu.Pin13=PE13
Mcu.Pin14=PE14
Mcu.Pin19=PB13
ProjectManager.ComputerToolchain=false
Mcu.Pin17=PB11
Mcu.Pin18=PB12
USB_HOST.USBH_HandleTypeDef=hUsbHostFS
VP_TIM4_VS_ClockSourceINT.Mode=Internal
NVIC.PriorityGroup=NVIC_PRIORITYGROUP_4
VP_USB_HOST_VS_USB_HOST_MSC_FS.Signal=USB_HOST_VS_USB_HOST_MSC_FS
Mcu.Pin11=PE11
Mcu.Pin12=PE12
Mcu.Pin10=PE10
PE12.GPIOParameters=GPIO_Label
PB0.Signal=ADCx_IN8
USB_HOST0.BSP.mode=Output
PA7.GPIOParameters=GPIO_Label
PB12.GPIOParameters=GPIO_Label
PD7.GPIOParameters=GPIO_PuPd,GPIO_Label
Mcu.Family=STM32F1
ProjectManager.MainLocation=Src
RCC.MCOFreq_Value=48000000
ProjectManager.KeepUserCode=true
Mcu.UserName=STM32F105VCTx
PD9.GPIOParameters=GPIO_Label
PE11.GPIO_Label=STEP_Z2
PC5.Locked=true
ProjectManager.functionlistsort=1-SystemClock_Config-RCC-false-HAL-false,2-MX_GPIO_Init-GPIO-false-HAL-true,3-MX_TIM2_Init-TIM2-false-HAL-true,4-MX_USART2_UART_Init-USART2-false-HAL-true,5-MX_FATFS_Init-FATFS-false-HAL-false,6-MX_USB_HOST_Init-USB_HOST-false-HAL-false,7-MX_TIM3_Init-TIM3-false-HAL-true,8-MX_TIM4_Init-TIM4-false-HAL-true,9-MX_TIM5_Init-TIM5-false-HAL-true,10-MX_ADC1_Init-ADC1-false-HAL-true
PA11.Mode=Host_Only
PC9.Locked=true
RCC.ADCFreqValue=12000000
PD6.Locked=true
PB0.GPIO_Label=Extr1_Temperature
PB13.GPIO_Label=DIR_X
PB11.Signal=GPIO_Output
PB15.Signal=GPIO_Output
ProjectManager.StackSize=0x400
PB5.GPIOParameters=GPIO_PuPd,GPIO_Label
PD13.Signal=GPIO_Output
Mcu.IP4=SYS
RCC.FCLKCortexFreq_Value=48000000
Mcu.IP5=TIM2
Mcu.IP2=NVIC
PD13.Locked=true
Mcu.IP3=RCC
PB4.GPIOParameters=GPIO_PuPd,GPIO_Label
Mcu.IP0=ADC1
Mcu.IP1=FATFS
PA12.Signal=USB_OTG_FS_DP
Mcu.UserConstants=
Mcu.ThirdPartyNb=0
PD11.GPIO_Label=LCD_EN
RCC.HCLKFreq_Value=48000000
Mcu.IPNb=12
ProjectManager.PreviousToolchain=
TIM3.Period=1000
PA8.GPIOParameters=GPIO_Label
Mcu.Pin6=PB1
Mcu.Pin7=PE7
Mcu.Pin8=PE8
RCC.HSICalibrationValue=8
OSC_OUT.Mode=HSE-External-Oscillator
Mcu.Pin9=PE9
USB_HOST0.BSP.ip=GPIO
OSC_OUT.Signal=RCC_OSC_OUT
RCC.AHBFreq_Value=48000000
Mcu.Pin0=OSC_IN
Mcu.Pin1=OSC_OUT
PD5.Mode=Asynchronous
Mcu.Pin2=PA7
Mcu.Pin3=PC4
Mcu.Pin4=PC5
PD10.GPIOParameters=GPIO_Label
Mcu.Pin5=PB0
ADC1.Channel-0\#ChannelRegularConversion=ADC_CHANNEL_8
NVIC.DebugMonitor_IRQn=true\:0\:0\:false\:false\:true\:false\:false
Mcu.IP10=USB_HOST
NVIC.SysTick_IRQn=true\:0\:0\:false\:false\:true\:false\:true
RCC.PLLMUL=RCC_PLL_MUL6
Mcu.IP11=USB_OTG_FS
PB3.GPIO_PuPd=GPIO_PULLDOWN
PE13.Signal=GPIO_Output
PA14.Mode=Serial_Wire
PE8.Locked=true
TIM3.Prescaler=72
File.Version=6
PA10.GPIO_Label=USB_Enable
PB3.GPIOParameters=GPIO_PuPd,GPIO_Label
USB_HOST0.BSP.i2creg=
PB0.Locked=true
ProjectManager.ProjectName=TDD_Gcode
PD7.GPIO_Label=Button_Down
USB_HOST0.BSP.i2caddr=0
PD13.GPIO_Label=LCD_DB1
PA7.Locked=true
USART2.VirtualMode=VM_ASYNC
NVIC.OTG_FS_IRQn=true\:0\:0\:false\:false\:true\:false\:true
ProjectManager.ToolChainLocation=
PD14.Locked=true
USB_OTG_FS.VirtualMode=Host_Only
VP_FATFS_VS_USB.Signal=FATFS_VS_USB
USB_HOST0.BSP.name=Drive_VBUS_FS
PB5.GPIO_Label=Button_Back
PC4.Locked=true
PC5.Signal=GPIO_Output
PE7.Signal=GPIO_Output
PD6.Signal=USART2_RX
PE12.Locked=true
VP_TIM3_VS_ClockSourceINT.Mode=Internal
PB15.Locked=true
PB3.Locked=true
PB4.Signal=GPIO_Input
PB3.GPIO_Label=Button_Up
USB_HOST.IPParameters=VirtualModeFS,USBH_HandleTypeDef
PE8.GPIOParameters=GPIO_Label
PD15.GPIO_Label=LCD_DB3
PE14.GPIOParameters=GPIO_Label
PC9.GPIO_Label=LCD_DB7
ProjectManager.NoMain=false
PC8.Signal=GPIO_Output
USB_HOST0.BSP.solution=PA10
PC4.Signal=GPIO_Output
USB_HOST.BSP.number=1
ProjectManager.DefaultFWLocation=true
PE14.GPIO_Label=STEP_Z1
PD9.Signal=GPIO_Output
PD5.Signal=USART2_TX
PB12.Locked=true
ProjectManager.DeletePrevious=true
PB10.Locked=true
RCC.FamilyName=M
PE15.GPIOParameters=GPIO_Label
PE9.GPIOParameters=GPIO_Label
PD12.Locked=true
RCC.ADCPresc=RCC_ADCPCLK2_DIV4
PC8.GPIO_Label=LCD_DB6
FATFS.IPParameters=_CODE_PAGE,_USE_LFN,_MAX_SS
PA13.Signal=SYS_JTMS-SWDIO
PA9.Mode=Activate_VBUS
PE15.GPIO_Label=DIR_Z1
PD12.GPIOParameters=GPIO_Label
VP_TIM4_VS_ClockSourceINT.Signal=TIM4_VS_ClockSourceINT
ProjectManager.TargetToolchain=Makefile
PB10.GPIO_Label=EN_Y
PE7.GPIOParameters=GPIO_Label
FATFS._CODE_PAGE=866
PC5.GPIOParameters=GPIO_Label
ProjectManager.RegisterCallBack=
RCC.USBFreq_Value=48000000
PD10.GPIO_Label=LCD_RW
VP_TIM3_VS_ClockSourceINT.Signal=TIM3_VS_ClockSourceINT
TIM4.Prescaler=36
PE11.Signal=GPIO_Output
PB1.Locked=true
board=custom
PD11.GPIOParameters=GPIO_Label
RCC.VCOOutput2Freq_Value=8000000
RCC.APB2Freq_Value=48000000
USB_HOST0.BSP.api=Unknown
MxCube.Version=6.0.1
VP_TIM2_VS_ClockSourceINT.Mode=Internal
PD4.GPIO_Label=LED
PA10.GPIOParameters=GPIO_Label
PD4.GPIOParameters=GPIO_Label
VP_SYS_VS_Systick.Mode=SysTick
PD14.GPIO_Label=LCD_DB2
SH.ADCx_IN8.ConfNb=1
PB15.GPIOParameters=GPIO_Label
RCC.IPParameters=ADCFreqValue,ADCPresc,AHBFreq_Value,APB1CLKDivider,APB1Freq_Value,APB1TimFreq_Value,APB2Freq_Value,APB2TimFreq_Value,FCLKCortexFreq_Value,FamilyName,HCLKFreq_Value,HSICalibrationValue,I2S2Freq_Value,I2S3Freq_Value,MCOFreq_Value,PLLCLKFreq_Value,PLLMUL,SYSCLKFreq_VALUE,SYSCLKSource,TimSysFreq_Value,USBFreq_Value,USBPrescaler,VCOOutput2Freq_Value
PE11.Locked=true
ProjectManager.AskForMigrate=true
Mcu.Name=STM32F105V(8-B-C)Tx
PE7.GPIO_Label=EN_E1
PE12.Signal=GPIO_Output
FATFS._MAX_SS=4096
Mcu.IP8=TIM5
Mcu.IP9=USART2
PD14.Signal=GPIO_Output
Mcu.IP6=TIM3
Mcu.IP7=TIM4
ProjectManager.CoupleFile=true
PB3.Signal=GPIO_Input
RCC.SYSCLKFreq_VALUE=48000000
PA7.GPIO_Label=EN_E2
PA12.Mode=Host_Only
KeepUserPlacement=false
TIM5.Prescaler=8000
PC5.GPIO_Label=DIR_E2
PA14.Signal=SYS_JTCK-SWCLK
PC6.GPIOParameters=GPIO_Label
VP_FATFS_VS_USB.Mode=USB
ADC1.NbrOfConversionFlag=1
PC8.Locked=true
TIM5.Period=9000
PC9.Signal=GPIO_Output
NVIC.TIM4_IRQn=true\:0\:0\:false\:false\:true\:true\:true
PD9.Locked=true
RCC.APB1Freq_Value=24000000
PB11.Locked=true
ProjectManager.DeviceId=STM32F105VCTx
PB12.Signal=GPIO_Output
ProjectManager.LibraryCopy=0
PB1.GPIOParameters=GPIO_Label
PD6.GPIO_PuPd=GPIO_NOPULL
PA7.Signal=GPIO_Output
USB_HOST0.BSP.instance=PA10
